<?xml version="1.0" encoding="utf-8"?>
<Project ToolsVersion="4.0" xmlns="http://schemas.microsoft.com/developer/msbuild/2003">
  <ItemGroup>
    <Filter Include="Events">
      <UniqueIdentifier>{3A8963B1-262B-8E87-0FE6-A1DBFB2615D8}</UniqueIdentifier>
    </Filter>
    <Filter Include="PKEngine">
      <UniqueIdentifier>{F65F8A86-E22C-E591-0B46-D339F7711A20}</UniqueIdentifier>
    </Filter>
  </ItemGroup>
  <ItemGroup>
    <ClInclude Include="src\Events\ApplicationEvent.h">
      <Filter>Events</Filter>
    </ClInclude>
    <ClInclude Include="src\Events\Event.h">
      <Filter>Events</Filter>
    </ClInclude>
    <ClInclude Include="src\Events\KeyEvent.h">
      <Filter>Events</Filter>
    </ClInclude>
    <ClInclude Include="src\Events\MouseEvent.h">
      <Filter>Events</Filter>
    </ClInclude>
    <ClInclude Include="src\PKEngine.h" />
    <ClInclude Include="src\PKEngine\Application.h">
      <Filter>PKEngine</Filter>
    </ClInclude>
    <ClInclude Include="src\PKEngine\Core.h">
      <Filter>PKEngine</Filter>
    </ClInclude>
    <ClInclude Include="src\PKEngine\EntryPoint.h">
      <Filter>PKEngine</Filter>
    </ClInclude>
    <ClInclude Include="src\PKEngine\Log.h">
      <Filter>PKEngine</Filter>
    </ClInclude>
    <ClInclude Include="src\PKEngine\Test.h">
      <Filter>PKEngine</Filter>
    </ClInclude>
    <ClInclude Include="src\pkpch.h" />
  </ItemGroup>
  <ItemGroup>
    <ClCompile Include="src\PKEngine\Application.cpp">
      <Filter>PKEngine</Filter>
    </ClCompile>
    <ClCompile Include="src\PKEngine\Log.cpp">
      <Filter>PKEngine</Filter>
    </ClCompile>
    <ClCompile Include="src\pkpch.cpp" />
  </ItemGroup>
</Project>