<?xml version="1.0" encoding="utf-8"?>
<Project ToolsVersion="4.0" xmlns="http://schemas.microsoft.com/developer/msbuild/2003">
  <ItemGroup>
    <Filter Include="PKEngine">
      <UniqueIdentifier>{F65F8A86-E22C-E591-0B46-D339F7711A20}</UniqueIdentifier>
    </Filter>
    <Filter Include="PKEngine\Events">
      <UniqueIdentifier>{1ABB01C8-8646-6F8C-8F57-F280FB61CB8C}</UniqueIdentifier>
    </Filter>
    <Filter Include="Platform">
      <UniqueIdentifier>{2AC788B4-1694-E3BF-3FAD-D1672BD9184E}</UniqueIdentifier>
    </Filter>
    <Filter Include="Platform\Windows">
      <UniqueIdentifier>{64FBD71A-50F4-F66C-7926-DCF1657ED678}</UniqueIdentifier>
    </Filter>
  </ItemGroup>
  <ItemGroup>
    <ClInclude Include="src\PKEngine.h" />
    <ClInclude Include="src\PKEngine\Application.h">
      <Filter>PKEngine</Filter>
    </ClInclude>
    <ClInclude Include="src\PKEngine\Core.h">
      <Filter>PKEngine</Filter>
    </ClInclude>
    <ClInclude Include="src\PKEngine\EntryPoint.h">
      <Filter>PKEngine</Filter>
    </ClInclude>
    <ClInclude Include="src\PKEngine\Events\ApplicationEvent.h">
      <Filter>PKEngine\Events</Filter>
    </ClInclude>
    <ClInclude Include="src\PKEngine\Events\Event.h">
      <Filter>PKEngine\Events</Filter>
    </ClInclude>
    <ClInclude Include="src\PKEngine\Events\KeyEvent.h">
      <Filter>PKEngine\Events</Filter>
    </ClInclude>
    <ClInclude Include="src\PKEngine\Events\MouseEvent.h">
      <Filter>PKEngine\Events</Filter>
    </ClInclude>
    <ClInclude Include="src\PKEngine\Log.h">
      <Filter>PKEngine</Filter>
    </ClInclude>
    <ClInclude Include="src\PKEngine\Test.h">
      <Filter>PKEngine</Filter>
    </ClInclude>
    <ClInclude Include="src\PKEngine\Window.h">
      <Filter>PKEngine</Filter>
    </ClInclude>
    <ClInclude Include="src\Platform\Windows\WindowsWindow.h">
      <Filter>Platform\Windows</Filter>
    </ClInclude>
    <ClInclude Include="src\pkpch.h" />
  </ItemGroup>
  <ItemGroup>
    <ClCompile Include="src\PKEngine\Application.cpp">
      <Filter>PKEngine</Filter>
    </ClCompile>
    <ClCompile Include="src\PKEngine\Log.cpp">
      <Filter>PKEngine</Filter>
    </ClCompile>
    <ClCompile Include="src\Platform\Windows\WindowsWindow.cpp">
      <Filter>Platform\Windows</Filter>
    </ClCompile>
    <ClCompile Include="src\pkpch.cpp" />
  </ItemGroup>
</Project>